
Microsoft Visual Studio Solution File, Format Version 12.00
# Visual Studio 15
VisualStudioVersion = 15.0.33423.255
MinimumVisualStudioVersion = 10.0.40219.1
Project("{FAE04EC0-301F-11D3-BF4B-00C04F79EFBC}") = "Teste WPF", "Teste WPF\Teste WPF.csproj", "{305A552A-EBCE-4994-B364-05E386C1B172}"
EndProject
Global
	GlobalSection(SolutionConfigurationPlatforms) = preSolution
		Debug|Any CPU = Debug|Any CPU
		Release|Any CPU = Release|Any CPU
	EndGlobalSection
	GlobalSection(ProjectConfigurationPlatforms) = postSolution
		{305A552A-EBCE-4994-B364-05E386C1B172}.Debug|Any CPU.ActiveCfg = Debug|Any CPU
		{305A552A-EBCE-4994-B364-05E386C1B172}.Debug|Any CPU.Build.0 = Debug|Any CPU
		{305A552A-EBCE-4994-B364-05E386C1B172}.Release|Any CPU.ActiveCfg = Release|Any CPU
		{305A552A-EBCE-4994-B364-05E386C1B172}.Release|Any CPU.Build.0 = Release|Any CPU
	EndGlobalSection
	GlobalSection(SolutionProperties) = preSolution
		HideSolutionNode = FALSE
	EndGlobalSection
	GlobalSection(ExtensibilityGlobals) = postSolution
		SolutionGuid = {1508C28E-13CE-4D7B-B030-A0FABE688964}
	EndGlobalSection
EndGlobal
